
Microsoft Visual Studio Solution File, Format Version 12.00
# Visual Studio Version 17
VisualStudioVersion = 17.8.34525.116
MinimumVisualStudioVersion = 10.0.40219.1
Project("{FAE04EC0-301F-11D3-BF4B-00C04F79EFBC}") = "WinFormsApp9", "WinFormsApp9\WinFormsApp9.csproj", "{A7F769DD-B82F-4758-9356-4789C57215DE}"
EndProject
Global
	GlobalSection(SolutionConfigurationPlatforms) = preSolution
		Debug|Any CPU = Debug|Any CPU
		Release|Any CPU = Release|Any CPU
	EndGlobalSection
	GlobalSection(ProjectConfigurationPlatforms) = postSolution
		{A7F769DD-B82F-4758-9356-4789C57215DE}.Debug|Any CPU.ActiveCfg = Debug|Any CPU
		{A7F769DD-B82F-4758-9356-4789C57215DE}.Debug|Any CPU.Build.0 = Debug|Any CPU
		{A7F769DD-B82F-4758-9356-4789C57215DE}.Release|Any CPU.ActiveCfg = Release|Any CPU
		{A7F769DD-B82F-4758-9356-4789C57215DE}.Release|Any CPU.Build.0 = Release|Any CPU
	EndGlobalSection
	GlobalSection(SolutionProperties) = preSolution
		HideSolutionNode = FALSE
	EndGlobalSection
	GlobalSection(ExtensibilityGlobals) = postSolution
		SolutionGuid = {7BD75AA7-758D-46C4-882D-E6E7E3CA6CF5}
	EndGlobalSection
EndGlobal
