
Microsoft Visual Studio Solution File, Format Version 12.00
# Visual Studio Version 17
VisualStudioVersion = 17.8.34525.116
MinimumVisualStudioVersion = 10.0.40219.1
Project("{FAE04EC0-301F-11D3-BF4B-00C04F79EFBC}") = "WindowsFormsApp1", "WindowsFormsApp1\WindowsFormsApp1.csproj", "{6AD02B31-F84D-451D-A652-B31F77C83584}"
EndProject
Global
	GlobalSection(SolutionConfigurationPlatforms) = preSolution
		Debug|Any CPU = Debug|Any CPU
		Release|Any CPU = Release|Any CPU
	EndGlobalSection
	GlobalSection(ProjectConfigurationPlatforms) = postSolution
		{6AD02B31-F84D-451D-A652-B31F77C83584}.Debug|Any CPU.ActiveCfg = Debug|Any CPU
		{6AD02B31-F84D-451D-A652-B31F77C83584}.Debug|Any CPU.Build.0 = Debug|Any CPU
		{6AD02B31-F84D-451D-A652-B31F77C83584}.Release|Any CPU.ActiveCfg = Release|Any CPU
		{6AD02B31-F84D-451D-A652-B31F77C83584}.Release|Any CPU.Build.0 = Release|Any CPU
	EndGlobalSection
	GlobalSection(SolutionProperties) = preSolution
		HideSolutionNode = FALSE
	EndGlobalSection
	GlobalSection(ExtensibilityGlobals) = postSolution
		SolutionGuid = {D1C0829B-E9F5-4C89-B9F9-8DC1175A87A1}
	EndGlobalSection
EndGlobal
