
Microsoft Visual Studio Solution File, Format Version 12.00
# Visual Studio Version 17
VisualStudioVersion = 17.8.34525.116
MinimumVisualStudioVersion = 10.0.40219.1
Project("{FAE04EC0-301F-11D3-BF4B-00C04F79EFBC}") = "ex0223", "ex0223\ex0223.csproj", "{EF4A9D0D-DA84-4E4C-A6E4-D31F7D9ABDDA}"
EndProject
Global
	GlobalSection(SolutionConfigurationPlatforms) = preSolution
		Debug|Any CPU = Debug|Any CPU
		Release|Any CPU = Release|Any CPU
	EndGlobalSection
	GlobalSection(ProjectConfigurationPlatforms) = postSolution
		{EF4A9D0D-DA84-4E4C-A6E4-D31F7D9ABDDA}.Debug|Any CPU.ActiveCfg = Debug|Any CPU
		{EF4A9D0D-DA84-4E4C-A6E4-D31F7D9ABDDA}.Debug|Any CPU.Build.0 = Debug|Any CPU
		{EF4A9D0D-DA84-4E4C-A6E4-D31F7D9ABDDA}.Release|Any CPU.ActiveCfg = Release|Any CPU
		{EF4A9D0D-DA84-4E4C-A6E4-D31F7D9ABDDA}.Release|Any CPU.Build.0 = Release|Any CPU
	EndGlobalSection
	GlobalSection(SolutionProperties) = preSolution
		HideSolutionNode = FALSE
	EndGlobalSection
	GlobalSection(ExtensibilityGlobals) = postSolution
		SolutionGuid = {90B719DC-3938-407E-A6D2-5A476CD6734C}
	EndGlobalSection
EndGlobal
